{
  "requires": true,
  "lockfileVersion": 1,
  "dependencies": {
    "@azure-tools/azcopy-darwin": {
      "version": "10.5.0",
      "resolved": "https://registry.npmjs.org/@azure-tools/azcopy-darwin/-/azcopy-darwin-10.5.0.tgz",
      "integrity": "sha512-AqD3jCr2P/w6sQZxA/aslfRXHTpmkKNFEWDpUZmAgWqS5qkUt2t+i1XnluY7HQxSrydT5NC5XijyHqqcbSkwJQ=="
    },
    "@azure-tools/azcopy-linux": {
      "version": "10.5.0",
      "resolved": "https://registry.npmjs.org/@azure-tools/azcopy-linux/-/azcopy-linux-10.5.0.tgz",
      "integrity": "sha512-tug8a9mNgULjmwfd2xz67e9JEEkrhOQLNou6Z/IgICZ0M2zlxw1U5V417s2nSpcFwnJZx3mngrXnKSVen471ZQ=="
    },
    "@azure-tools/azcopy-win32": {
      "version": "10.5.0",
      "resolved": "https://registry.npmjs.org/@azure-tools/azcopy-win32/-/azcopy-win32-10.5.0.tgz",
      "integrity": "sha512-iaVu1KLyAQuTYyRXJdIZI3JfRhpaO3liOci31l8xBzpncZ6+uU94adoQ4Zg2jjGfjpzb0VzDQD0ZVvno7ehzbQ=="
    },
    "@azure-tools/azcopy-win64": {
      "version": "10.5.0",
      "resolved": "https://registry.npmjs.org/@azure-tools/azcopy-win64/-/azcopy-win64-10.5.0.tgz",
      "integrity": "sha512-GDM2DO4lPbMnHDziVrAAkQNVvFv3REhLe4YQSw0ZJETs+aGklngTc8uKrHlrEDJFv3FeD1tz+XNfGwAkLnIq6g=="
    }
  }
}
